{
  "originHash" : "79202e29da3e695c1cd5dc89c06b970289caf462585bb24d288f7d63e61d3f9a",
  "pins" : [
    {
      "identity" : "swift-argument-parser",
      "kind" : "remoteSourceControl",
      "location" : "https://github.com/apple/swift-argument-parser.git",
      "state" : {
        "revision" : "8f4d2753f0e4778c76d5f05ad16c74f707390531",
        "version" : "1.2.3"
      }
    }
  ],
  "version" : 3
}
